
Microsoft Visual Studio Solution File, Format Version 12.00
# Visual Studio Version 16
VisualStudioVersion = 16.0.30717.126
MinimumVisualStudioVersion = 10.0.40219.1
Project("{FAE04EC0-301F-11D3-BF4B-00C04F79EFBC}") = "BaseLib", "BaseLib\BaseLib.csproj", "{3029B655-3633-43E1-A660-F888A6386CDA}"
EndProject
Project("{FAE04EC0-301F-11D3-BF4B-00C04F79EFBC}") = "AggregationLib", "AggregationLib\AggregationLib.csproj", "{3439F1CB-1D71-45E6-BEAE-6E38312C9E39}"
EndProject
Global
	GlobalSection(SolutionConfigurationPlatforms) = preSolution
		Debug|Any CPU = Debug|Any CPU
		Release|Any CPU = Release|Any CPU
	EndGlobalSection
	GlobalSection(ProjectConfigurationPlatforms) = postSolution
		{3029B655-3633-43E1-A660-F888A6386CDA}.Debug|Any CPU.ActiveCfg = Debug|Any CPU
		{3029B655-3633-43E1-A660-F888A6386CDA}.Debug|Any CPU.Build.0 = Debug|Any CPU
		{3029B655-3633-43E1-A660-F888A6386CDA}.Release|Any CPU.ActiveCfg = Release|Any CPU
		{3029B655-3633-43E1-A660-F888A6386CDA}.Release|Any CPU.Build.0 = Release|Any CPU
		{3439F1CB-1D71-45E6-BEAE-6E38312C9E39}.Debug|Any CPU.ActiveCfg = Debug|Any CPU
		{3439F1CB-1D71-45E6-BEAE-6E38312C9E39}.Debug|Any CPU.Build.0 = Debug|Any CPU
		{3439F1CB-1D71-45E6-BEAE-6E38312C9E39}.Release|Any CPU.ActiveCfg = Release|Any CPU
		{3439F1CB-1D71-45E6-BEAE-6E38312C9E39}.Release|Any CPU.Build.0 = Release|Any CPU
	EndGlobalSection
	GlobalSection(SolutionProperties) = preSolution
		HideSolutionNode = FALSE
	EndGlobalSection
	GlobalSection(ExtensibilityGlobals) = postSolution
		SolutionGuid = {4DF7E153-A3D1-434A-B063-11B62CD0F876}
	EndGlobalSection
EndGlobal
